
Microsoft Visual Studio Solution File, Format Version 12.00
# Visual Studio Version 16
VisualStudioVersion = 16.0.30503.244
MinimumVisualStudioVersion = 10.0.40219.1
Project("{FAE04EC0-301F-11D3-BF4B-00C04F79EFBC}") = "FDCPrototypeXamarinForms.Android", "FDC Prototype XamarinForms.Android\FDCPrototypeXamarinForms.Android.csproj", "{6472263D-06FF-4217-932D-03CA5DE86775}"
EndProject
Project("{FAE04EC0-301F-11D3-BF4B-00C04F79EFBC}") = "FDCPrototypeXamarinForms.iOS", "FDC Prototype XamarinForms.iOS\FDCPrototypeXamarinForms.iOS.csproj", "{B0AC64B2-1ACD-41D2-AA7B-C9916FDE63E7}"
EndProject
Project("{9A19103F-16F7-4668-BE54-9A1E7A4F7556}") = "FDCPrototypeXamarinForms", "FDC Prototype XamarinForms\FDCPrototypeXamarinForms.csproj", "{DD38AE80-CCA8-49F3-A995-B1CF83FB8EEC}"
EndProject
Global
	GlobalSection(SolutionConfigurationPlatforms) = preSolution
		Debug|Any CPU = Debug|Any CPU
		Debug|iPhone = Debug|iPhone
		Debug|iPhoneSimulator = Debug|iPhoneSimulator
		Release|Any CPU = Release|Any CPU
		Release|iPhone = Release|iPhone
		Release|iPhoneSimulator = Release|iPhoneSimulator
	EndGlobalSection
	GlobalSection(ProjectConfigurationPlatforms) = postSolution
		{6472263D-06FF-4217-932D-03CA5DE86775}.Debug|Any CPU.ActiveCfg = Debug|Any CPU
		{6472263D-06FF-4217-932D-03CA5DE86775}.Debug|Any CPU.Build.0 = Debug|Any CPU
		{6472263D-06FF-4217-932D-03CA5DE86775}.Debug|Any CPU.Deploy.0 = Debug|Any CPU
		{6472263D-06FF-4217-932D-03CA5DE86775}.Debug|iPhone.ActiveCfg = Debug|Any CPU
		{6472263D-06FF-4217-932D-03CA5DE86775}.Debug|iPhone.Build.0 = Debug|Any CPU
		{6472263D-06FF-4217-932D-03CA5DE86775}.Debug|iPhone.Deploy.0 = Debug|Any CPU
		{6472263D-06FF-4217-932D-03CA5DE86775}.Debug|iPhoneSimulator.ActiveCfg = Debug|Any CPU
		{6472263D-06FF-4217-932D-03CA5DE86775}.Debug|iPhoneSimulator.Build.0 = Debug|Any CPU
		{6472263D-06FF-4217-932D-03CA5DE86775}.Debug|iPhoneSimulator.Deploy.0 = Debug|Any CPU
		{6472263D-06FF-4217-932D-03CA5DE86775}.Release|Any CPU.ActiveCfg = Release|Any CPU
		{6472263D-06FF-4217-932D-03CA5DE86775}.Release|Any CPU.Build.0 = Release|Any CPU
		{6472263D-06FF-4217-932D-03CA5DE86775}.Release|Any CPU.Deploy.0 = Release|Any CPU
		{6472263D-06FF-4217-932D-03CA5DE86775}.Release|iPhone.ActiveCfg = Release|Any CPU
		{6472263D-06FF-4217-932D-03CA5DE86775}.Release|iPhone.Build.0 = Release|Any CPU
		{6472263D-06FF-4217-932D-03CA5DE86775}.Release|iPhone.Deploy.0 = Release|Any CPU
		{6472263D-06FF-4217-932D-03CA5DE86775}.Release|iPhoneSimulator.ActiveCfg = Release|Any CPU
		{6472263D-06FF-4217-932D-03CA5DE86775}.Release|iPhoneSimulator.Build.0 = Release|Any CPU
		{6472263D-06FF-4217-932D-03CA5DE86775}.Release|iPhoneSimulator.Deploy.0 = Release|Any CPU
		{B0AC64B2-1ACD-41D2-AA7B-C9916FDE63E7}.Debug|Any CPU.ActiveCfg = Debug|iPhone
		{B0AC64B2-1ACD-41D2-AA7B-C9916FDE63E7}.Debug|Any CPU.Build.0 = Debug|iPhone
		{B0AC64B2-1ACD-41D2-AA7B-C9916FDE63E7}.Debug|Any CPU.Deploy.0 = Debug|iPhone
		{B0AC64B2-1ACD-41D2-AA7B-C9916FDE63E7}.Debug|iPhone.ActiveCfg = Debug|iPhone
		{B0AC64B2-1ACD-41D2-AA7B-C9916FDE63E7}.Debug|iPhone.Build.0 = Debug|iPhone
		{B0AC64B2-1ACD-41D2-AA7B-C9916FDE63E7}.Debug|iPhone.Deploy.0 = Debug|iPhone
		{B0AC64B2-1ACD-41D2-AA7B-C9916FDE63E7}.Debug|iPhoneSimulator.ActiveCfg = Debug|iPhoneSimulator
		{B0AC64B2-1ACD-41D2-AA7B-C9916FDE63E7}.Debug|iPhoneSimulator.Build.0 = Debug|iPhoneSimulator
		{B0AC64B2-1ACD-41D2-AA7B-C9916FDE63E7}.Debug|iPhoneSimulator.Deploy.0 = Debug|iPhoneSimulator
		{B0AC64B2-1ACD-41D2-AA7B-C9916FDE63E7}.Release|Any CPU.ActiveCfg = Release|iPhoneSimulator
		{B0AC64B2-1ACD-41D2-AA7B-C9916FDE63E7}.Release|Any CPU.Build.0 = Release|iPhoneSimulator
		{B0AC64B2-1ACD-41D2-AA7B-C9916FDE63E7}.Release|Any CPU.Deploy.0 = Release|iPhoneSimulator
		{B0AC64B2-1ACD-41D2-AA7B-C9916FDE63E7}.Release|iPhone.ActiveCfg = Release|iPhone
		{B0AC64B2-1ACD-41D2-AA7B-C9916FDE63E7}.Release|iPhone.Build.0 = Release|iPhone
		{B0AC64B2-1ACD-41D2-AA7B-C9916FDE63E7}.Release|iPhone.Deploy.0 = Release|iPhone
		{B0AC64B2-1ACD-41D2-AA7B-C9916FDE63E7}.Release|iPhoneSimulator.ActiveCfg = Release|iPhoneSimulator
		{B0AC64B2-1ACD-41D2-AA7B-C9916FDE63E7}.Release|iPhoneSimulator.Build.0 = Release|iPhoneSimulator
		{B0AC64B2-1ACD-41D2-AA7B-C9916FDE63E7}.Release|iPhoneSimulator.Deploy.0 = Release|iPhoneSimulator
		{DD38AE80-CCA8-49F3-A995-B1CF83FB8EEC}.Debug|Any CPU.ActiveCfg = Debug|Any CPU
		{DD38AE80-CCA8-49F3-A995-B1CF83FB8EEC}.Debug|Any CPU.Build.0 = Debug|Any CPU
		{DD38AE80-CCA8-49F3-A995-B1CF83FB8EEC}.Debug|Any CPU.Deploy.0 = Debug|Any CPU
		{DD38AE80-CCA8-49F3-A995-B1CF83FB8EEC}.Debug|iPhone.ActiveCfg = Debug|Any CPU
		{DD38AE80-CCA8-49F3-A995-B1CF83FB8EEC}.Debug|iPhone.Build.0 = Debug|Any CPU
		{DD38AE80-CCA8-49F3-A995-B1CF83FB8EEC}.Debug|iPhone.Deploy.0 = Debug|Any CPU
		{DD38AE80-CCA8-49F3-A995-B1CF83FB8EEC}.Debug|iPhoneSimulator.ActiveCfg = Debug|Any CPU
		{DD38AE80-CCA8-49F3-A995-B1CF83FB8EEC}.Debug|iPhoneSimulator.Build.0 = Debug|Any CPU
		{DD38AE80-CCA8-49F3-A995-B1CF83FB8EEC}.Debug|iPhoneSimulator.Deploy.0 = Debug|Any CPU
		{DD38AE80-CCA8-49F3-A995-B1CF83FB8EEC}.Release|Any CPU.ActiveCfg = Release|Any CPU
		{DD38AE80-CCA8-49F3-A995-B1CF83FB8EEC}.Release|Any CPU.Build.0 = Release|Any CPU
		{DD38AE80-CCA8-49F3-A995-B1CF83FB8EEC}.Release|Any CPU.Deploy.0 = Release|Any CPU
		{DD38AE80-CCA8-49F3-A995-B1CF83FB8EEC}.Release|iPhone.ActiveCfg = Release|Any CPU
		{DD38AE80-CCA8-49F3-A995-B1CF83FB8EEC}.Release|iPhone.Build.0 = Release|Any CPU
		{DD38AE80-CCA8-49F3-A995-B1CF83FB8EEC}.Release|iPhone.Deploy.0 = Release|Any CPU
		{DD38AE80-CCA8-49F3-A995-B1CF83FB8EEC}.Release|iPhoneSimulator.ActiveCfg = Release|Any CPU
		{DD38AE80-CCA8-49F3-A995-B1CF83FB8EEC}.Release|iPhoneSimulator.Build.0 = Release|Any CPU
		{DD38AE80-CCA8-49F3-A995-B1CF83FB8EEC}.Release|iPhoneSimulator.Deploy.0 = Release|Any CPU
	EndGlobalSection
	GlobalSection(SolutionProperties) = preSolution
		HideSolutionNode = FALSE
	EndGlobalSection
	GlobalSection(ExtensibilityGlobals) = postSolution
		SolutionGuid = {F449712F-8965-4BDB-A5F8-1D6DBC727B03}
	EndGlobalSection
EndGlobal
